
Microsoft Visual Studio Solution File, Format Version 12.00
# Visual Studio 15
VisualStudioVersion = 15.0.26730.16
MinimumVisualStudioVersion = 10.0.40219.1
Project("{FAE04EC0-301F-11D3-BF4B-00C04F79EFBC}") = "SpecificationRepository", "SpecificationRepository\SpecificationRepository.csproj", "{FEBC9CD9-7833-4FFC-B870-8F4D0FCE8E13}"
EndProject
Global
	GlobalSection(SolutionConfigurationPlatforms) = preSolution
		Debug|Any CPU = Debug|Any CPU
		Release|Any CPU = Release|Any CPU
	EndGlobalSection
	GlobalSection(ProjectConfigurationPlatforms) = postSolution
		{FEBC9CD9-7833-4FFC-B870-8F4D0FCE8E13}.Debug|Any CPU.ActiveCfg = Debug|Any CPU
		{FEBC9CD9-7833-4FFC-B870-8F4D0FCE8E13}.Debug|Any CPU.Build.0 = Debug|Any CPU
		{FEBC9CD9-7833-4FFC-B870-8F4D0FCE8E13}.Release|Any CPU.ActiveCfg = Release|Any CPU
		{FEBC9CD9-7833-4FFC-B870-8F4D0FCE8E13}.Release|Any CPU.Build.0 = Release|Any CPU
	EndGlobalSection
	GlobalSection(SolutionProperties) = preSolution
		HideSolutionNode = FALSE
	EndGlobalSection
	GlobalSection(ExtensibilityGlobals) = postSolution
		SolutionGuid = {E007DF2C-D906-40C0-9033-1A641663FD34}
	EndGlobalSection
EndGlobal
